// !$*UTF8*$!
{
	archiveVersion = 1;
	classes = {
	};
	objectVersion = 46;
	objects = {

/* Begin PBXBuildFile section */
		FC39B8971F6F0D1A00DA5398 /* AppDelegate.swift in Sources */ = {isa = PBXBuildFile; fileRef = FC39B8961F6F0D1A00DA5398 /* AppDelegate.swift */; };
		FC39B8991F6F0D1A00DA5398 /* ViewController.swift in Sources */ = {isa = PBXBuildFile; fileRef = FC39B8981F6F0D1A00DA5398 /* ViewController.swift */; };
		FC39B89C1F6F0D1A00DA5398 /* Main.storyboard in Resources */ = {isa = PBXBuildFile; fileRef = FC39B89A1F6F0D1A00DA5398 /* Main.storyboard */; };
		FC39B89E1F6F0D1A00DA5398 /* Assets.xcassets in Resources */ = {isa = PBXBuildFile; fileRef = FC39B89D1F6F0D1A00DA5398 /* Assets.xcassets */; };
		FC39B8A11F6F0D1A00DA5398 /* LaunchScreen.storyboard in Resources */ = {isa = PBXBuildFile; fileRef = FC39B89F1F6F0D1A00DA5398 /* LaunchScreen.storyboard */; };
/* End PBXBuildFile section */

/* Begin PBXFileReference section */
		FC39B8931F6F0D1A00DA5398 /* Miracle Pills.app */ = {isa = PBXFileReference; explicitFileType = wrapper.application; includeInIndex = 0; path = "Miracle Pills.app"; sourceTree = BUILT_PRODUCTS_DIR; };
		FC39B8961F6F0D1A00DA5398 /* AppDelegate.swift */ = {isa = PBXFileReference; lastKnownFileType = sourcecode.swift; path = AppDelegate.swift; sourceTree = "<group>"; };
		FC39B8981F6F0D1A00DA5398 /* ViewController.swift */ = {isa = PBXFileReference; lastKnownFileType = sourcecode.swift; path = ViewController.swift; sourceTree = "<group>"; };
		FC39B89B1F6F0D1A00DA5398 /* Base */ = {isa = PBXFileReference; lastKnownFileType = file.storyboard; name = Base; path = Base.lproj/Main.storyboard; sourceTree = "<group>"; };
		FC39B89D1F6F0D1A00DA5398 /* Assets.xcassets */ = {isa = PBXFileReference; lastKnownFileType = folder.assetcatalog; path = Assets.xcassets; sourceTree = "<group>"; };
		FC39B8A01F6F0D1A00DA5398 /* Base */ = {isa = PBXFileReference; lastKnownFileType = file.storyboard; name = Base; path = Base.lproj/LaunchScreen.storyboard; sourceTree = "<group>"; };
		FC39B8A21F6F0D1A00DA5398 /* Info.plist */ = {isa = PBXFileReference; lastKnownFileType = text.plist.xml; path = Info.plist; sourceTree = "<group>"; };
/* End PBXFileReference section */

/* Begin PBXFrameworksBuildPhase section */
		FC39B8901F6F0D1A00DA5398 /* Frameworks */ = {
			isa = PBXFrameworksBuildPhase;
			buildActionMask = 2147483647;
			files = (
			);
			runOnlyForDeploymentPostprocessing = 0;
		};
/* End PBXFrameworksBuildPhase section */

/* Begin PBXGroup section */
		FC39B88A1F6F0D1A00DA5398 = {
			isa = PBXGroup;
			children = (
				FC39B8951F6F0D1A00DA5398 /* Miracle Pills */,
				FC39B8941F6F0D1A00DA5398 /* Products */,
			);
			sourceTree = "<group>";
		};
		FC39B8941F6F0D1A00DA5398 /* Products */ = {
			isa = PBXGroup;
			children = (
				FC39B8931F6F0D1A00DA5398 /* Miracle Pills.app */,
			);
			name = Products;
			sourceTree = "<group>";
		};
		FC39B8951F6F0D1A00DA5398 /* Miracle Pills */ = {
			isa = PBXGroup;
			children = (
				FC39B8961F6F0D1A00DA5398 /* AppDelegate.swift */,
				FC39B8981F6F0D1A00DA5398 /* ViewController.swift */,
				FC39B89A1F6F0D1A00DA5398 /* Main.storyboard */,
				FC39B89D1F6F0D1A00DA5398 /* Assets.xcassets */,
				FC39B89F1F6F0D1A00DA5398 /* LaunchScreen.storyboard */,
				FC39B8A21F6F0D1A00DA5398 /* Info.plist */,
			);
			path = "Miracle Pills";
			sourceTree = "<group>";
		};
/* End PBXGroup section */

/* Begin PBXNativeTarget section */
		FC39B8921F6F0D1A00DA5398 /* Miracle Pills */ = {
			isa = PBXNativeTarget;
			buildConfigurationList = FC39B8A51F6F0D1A00DA5398 /* Build configuration list for PBXNativeTarget "Miracle Pills" */;
			buildPhases = (
				FC39B88F1F6F0D1A00DA5398 /* Sources */,
				FC39B8901F6F0D1A00DA5398 /* Frameworks */,
				FC39B8911F6F0D1A00DA5398 /* Resources */,
			);
			buildRules = (
			);
			dependencies = (
			);
			name = "Miracle Pills";
			productName = "Miracle Pills";
			productReference = FC39B8931F6F0D1A00DA5398 /* Miracle Pills.app */;
			productType = "com.apple.product-type.application";
		};
/* End PBXNativeTarget section */

/* Begin PBXProject section */
		FC39B88B1F6F0D1A00DA5398 /* Project object */ = {
			isa = PBXProject;
			attributes = {
				LastSwiftUpdateCheck = 0830;
				LastUpgradeCheck = 0830;
				ORGANIZATIONNAME = "Matt Foo";
				TargetAttributes = {
					FC39B8921F6F0D1A00DA5398 = {
						CreatedOnToolsVersion = 8.3.3;
						DevelopmentTeam = E756RS3TEF;
						ProvisioningStyle = Automatic;
					};
				};
			};
			buildConfigurationList = FC39B88E1F6F0D1A00DA5398 /* Build configuration list for PBXProject "Miracle Pills" */;
			compatibilityVersion = "Xcode 3.2";
			developmentRegion = English;
			hasScannedForEncodings = 0;
			knownRegions = (
				en,
				Base,
			);
			mainGroup = FC39B88A1F6F0D1A00DA5398;
			productRefGroup = FC39B8941F6F0D1A00DA5398 /* Products */;
			projectDirPath = "";
			projectRoot = "";
			targets = (
				FC39B8921F6F0D1A00DA5398 /* Miracle Pills */,
			);
		};
/* End PBXProject section */

/* Begin PBXResourcesBuildPhase section */
		FC39B8911F6F0D1A00DA5398 /* Resources */ = {
			isa = PBXResourcesBuildPhase;
			buildActionMask = 2147483647;
			files = (
				FC39B8A11F6F0D1A00DA5398 /* LaunchScreen.storyboard in Resources */,
				FC39B89E1F6F0D1A00DA5398 /* Assets.xcassets in Resources */,
				FC39B89C1F6F0D1A00DA5398 /* Main.storyboard in Resources */,
			);
			runOnlyForDeploymentPostprocessing = 0;
		};
/* End PBXResourcesBuildPhase section */

/* Begin PBXSourcesBuildPhase section */
		FC39B88F1F6F0D1A00DA5398 /* Sources */ = {
			isa = PBXSourcesBuildPhase;
			buildActionMask = 2147483647;
			files = (
				FC39B8991F6F0D1A00DA5398 /* ViewController.swift in Sources */,
				FC39B8971F6F0D1A00DA5398 /* AppDelegate.swift in Sources */,
			);
			runOnlyForDeploymentPostprocessing = 0;
		};
/* End PBXSourcesBuildPhase section */

/* Begin PBXVariantGroup section */
		FC39B89A1F6F0D1A00DA5398 /* Main.storyboard */ = {
			isa = PBXVariantGroup;
			children = (
				FC39B89B1F6F0D1A00DA5398 /* Base */,
			);
			name = Main.storyboard;
			sourceTree = "<group>";
		};
		FC39B89F1F6F0D1A00DA5398 /* LaunchScreen.storyboard */ = {
			isa = PBXVariantGroup;
			children = (
				FC39B8A01F6F0D1A00DA5398 /* Base */,
			);
			name = LaunchScreen.storyboard;
			sourceTree = "<group>";
		};
/* End PBXVariantGroup section */

/* Begin XCBuildConfiguration section */
		FC39B8A31F6F0D1A00DA5398 /* Debug */ = {
			isa = XCBuildConfiguration;
			buildSettings = {
				ALWAYS_SEARCH_USER_PATHS = NO;
				CLANG_ANALYZER_NONNULL = YES;
				CLANG_ANALYZER_NUMBER_OBJECT_CONVERSION = YES_AGGRESSIVE;
				CLANG_CXX_LANGUAGE_STANDARD = "gnu++0x";
				CLANG_CXX_LIBRARY = "libc++";
				CLANG_ENABLE_MODULES = YES;
				CLANG_ENABLE_OBJC_ARC = YES;
				CLANG_WARN_BOOL_CONVERSION = YES;
				CLANG_WARN_CONSTANT_CONVERSION = YES;
				CLANG_WARN_DIRECT_OBJC_ISA_USAGE = YES_ERROR;
				CLANG_WARN_DOCUMENTATION_COMMENTS = YES;
				CLANG_WARN_EMPTY_BODY = YES;
				CLANG_WARN_ENUM_CONVERSION = YES;
				CLANG_WARN_INFINITE_RECURSION = YES;
				CLANG_WARN_INT_CONVERSION = YES;
				CLANG_WARN_OBJC_ROOT_CLASS = YES_ERROR;
				CLANG_WARN_SUSPICIOUS_MOVE = YES;
				CLANG_WARN_UNREACHABLE_CODE = YES;
				CLANG_WARN__DUPLICATE_METHOD_MATCH = YES;
				"CODE_SIGN_IDENTITY[sdk=iphoneos*]" = "iPhone Developer";
				COPY_PHASE_STRIP = NO;
				DEBUG_INFORMATION_FORMAT = dwarf;
				ENABLE_STRICT_OBJC_MSGSEND = YES;
				ENABLE_TESTABILITY = YES;
				GCC_C_LANGUAGE_STANDARD = gnu99;
				GCC_DYNAMIC_NO_PIC = NO;
				GCC_NO_COMMON_BLOCKS = YES;
				GCC_OPTIMIZATION_LEVEL = 0;
				GCC_PREPROCESSOR_DEFINITIONS = (
					"DEBUG=1",
					"$(inherited)",
				);
				GCC_WARN_64_TO_32_BIT_CONVERSION = YES;
				GCC_WARN_ABOUT_RETURN_TYPE = YES_ERROR;
				GCC_WARN_UNDECLARED_SELECTOR = YES;
				GCC_WARN_UNINITIALIZED_AUTOS = YES_AGGRESSIVE;
				GCC_WARN_UNUSED_FUNCTION = YES;
				GCC_WARN_UNUSED_VARIABLE = YES;
				IPHONEOS_DEPLOYMENT_TARGET = 10.3;
				MTL_ENABLE_DEBUG_INFO = YES;
				ONLY_ACTIVE_ARCH = YES;
				SDKROOT = iphoneos;
				SWIFT_ACTIVE_COMPILATION_CONDITIONS = DEBUG;
				SWIFT_OPTIMIZATION_LEVEL = "-Onone";
				TARGETED_DEVICE_FAMILY = "1,2";
			};
			name = Debug;
		};
		FC39B8A41F6F0D1A00DA5398 /* Release */ = {
			isa = XCBuildConfiguration;
			buildSettings = {
				ALWAYS_SEARCH_USER_PATHS = NO;
				CLANG_ANALYZER_NONNULL = YES;
				CLANG_ANALYZER_NUMBER_OBJECT_CONVERSION = YES_AGGRESSIVE;
				CLANG_CXX_LANGUAGE_STANDARD = "gnu++0x";
				CLANG_CXX_LIBRARY = "libc++";
				CLANG_ENABLE_MODULES = YES;
				CLANG_ENABLE_OBJC_ARC = YES;
				CLANG_WARN_BOOL_CONVERSION = YES;
				CLANG_WARN_CONSTANT_CONVERSION = YES;
				CLANG_WARN_DIRECT_OBJC_ISA_USAGE = YES_ERROR;
				CLANG_WARN_DOCUMENTATION_COMMENTS = YES;
				CLANG_WARN_EMPTY_BODY = YES;
				CLANG_WARN_ENUM_CONVERSION = YES;
				CLANG_WARN_INFINITE_RECURSION = YES;
				CLANG_WARN_INT_CONVERSION = YES;
				CLANG_WARN_OBJC_ROOT_CLASS = YES_ERROR;
				CLANG_WARN_SUSPICIOUS_MOVE = YES;
				CLANG_WARN_UNREACHABLE_CODE = YES;
				CLANG_WARN__DUPLICATE_METHOD_MATCH = YES;
				"CODE_SIGN_IDENTITY[sdk=iphoneos*]" = "iPhone Developer";
				COPY_PHASE_STRIP = NO;
				DEBUG_INFORMATION_FORMAT = "dwarf-with-dsym";
				ENABLE_NS_ASSERTIONS = NO;
				ENABLE_STRICT_OBJC_MSGSEND = YES;
				GCC_C_LANGUAGE_STANDARD = gnu99;
				GCC_NO_COMMON_BLOCKS = YES;
				GCC_WARN_64_TO_32_BIT_CONVERSION = YES;
				GCC_WARN_ABOUT_RETURN_TYPE = YES_ERROR;
				GCC_WARN_UNDECLARED_SELECTOR = YES;
				GCC_WARN_UNINITIALIZED_AUTOS = YES_AGGRESSIVE;
				GCC_WARN_UNUSED_FUNCTION = YES;
				GCC_WARN_UNUSED_VARIABLE = YES;
				IPHONEOS_DEPLOYMENT_TARGET = 10.3;
				MTL_ENABLE_DEBUG_INFO = NO;
				SDKROOT = iphoneos;
				SWIFT_OPTIMIZATION_LEVEL = "-Owholemodule";
				TARGETED_DEVICE_FAMILY = "1,2";
				VALIDATE_PRODUCT = YES;
			};
			name = Release;
		};
		FC39B8A61F6F0D1A00DA5398 /* Debug */ = {
			isa = XCBuildConfiguration;
			buildSettings = {
				ASSETCATALOG_COMPILER_APPICON_NAME = AppIcon;
				DEVELOPMENT_TEAM = E756RS3TEF;
				INFOPLIST_FILE = "Miracle Pills/Info.plist";
				LD_RUNPATH_SEARCH_PATHS = "$(inherited) @executable_path/Frameworks";
				PRODUCT_BUNDLE_IDENTIFIER = "MiraclePills.Miracle-Pills";
				PRODUCT_NAME = "$(TARGET_NAME)";
				SWIFT_VERSION = 3.0;
			};
			name = Debug;
		};
		FC39B8A71F6F0D1A00DA5398 /* Release */ = {
			isa = XCBuildConfiguration;
			buildSettings = {
				ASSETCATALOG_COMPILER_APPICON_NAME = AppIcon;
				DEVELOPMENT_TEAM = E756RS3TEF;
				INFOPLIST_FILE = "Miracle Pills/Info.plist";
				LD_RUNPATH_SEARCH_PATHS = "$(inherited) @executable_path/Frameworks";
				PRODUCT_BUNDLE_IDENTIFIER = "MiraclePills.Miracle-Pills";
				PRODUCT_NAME = "$(TARGET_NAME)";
				SWIFT_VERSION = 3.0;
			};
			name = Release;
		};
/* End XCBuildConfiguration section */

/* Begin XCConfigurationList section */
		FC39B88E1F6F0D1A00DA5398 /* Build configuration list for PBXProject "Miracle Pills" */ = {
			isa = XCConfigurationList;
			buildConfigurations = (
				FC39B8A31F6F0D1A00DA5398 /* Debug */,
				FC39B8A41F6F0D1A00DA5398 /* Release */,
			);
			defaultConfigurationIsVisible = 0;
			defaultConfigurationName = Release;
		};
		FC39B8A51F6F0D1A00DA5398 /* Build configuration list for PBXNativeTarget "Miracle Pills" */ = {
			isa = XCConfigurationList;
			buildConfigurations = (
				FC39B8A61F6F0D1A00DA5398 /* Debug */,
				FC39B8A71F6F0D1A00DA5398 /* Release */,
			);
			defaultConfigurationIsVisible = 0;
		};
/* End XCConfigurationList section */
	};
	rootObject = FC39B88B1F6F0D1A00DA5398 /* Project object */;
}
